<?xml version="1.0" encoding="utf-8"?>
<Project ToolsVersion="4.0" xmlns="http://schemas.microsoft.com/developer/msbuild/2003">
  <ItemGroup>
    <Filter Include="Исходные файлы">
      <UniqueIdentifier>{4FC737F1-C7A5-4376-A066-2A32D752A2FF}</UniqueIdentifier>
      <Extensions>cpp;c;cc;cxx;c++;cppm;ixx;def;odl;idl;hpj;bat;asm;asmx</Extensions>
    </Filter>
    <Filter Include="Файлы заголовков">
      <UniqueIdentifier>{93995380-89BD-4b04-88EB-625FBE52EBFB}</UniqueIdentifier>
      <Extensions>h;hh;hpp;hxx;h++;hm;inl;inc;ipp;xsd</Extensions>
    </Filter>
    <Filter Include="Файлы ресурсов">
      <UniqueIdentifier>{67DA6AB6-F800-4c08-8B7A-83BB121AAD01}</UniqueIdentifier>
      <Extensions>rc;ico;cur;bmp;dlg;rc2;rct;bin;rgs;gif;jpg;jpeg;jpe;resx;tiff;tif;png;wav;mfcribbon-ms</Extensions>
    </Filter>
    <Filter Include="NetAPI">
      <UniqueIdentifier>{424377a9-d3f9-4b7a-8509-1ee94c47a325}</UniqueIdentifier>
    </Filter>
    <Filter Include="NetAPI\utils">
      <UniqueIdentifier>{8791d2c8-605a-49ad-aeea-e41f40114aff}</UniqueIdentifier>
    </Filter>
  </ItemGroup>
  <ItemGroup>
    <ClCompile Include="dllmain.cpp">
      <Filter>Исходные файлы</Filter>
    </ClCompile>
    <ClCompile Include="Registry.cpp">
      <Filter>Исходные файлы</Filter>
    </ClCompile>
    <ClCompile Include="MD5.cpp">
      <Filter>Исходные файлы</Filter>
    </ClCompile>
  </ItemGroup>
  <ItemGroup>
    <ClInclude Include="Utils.h">
      <Filter>Файлы заголовков</Filter>
    </ClInclude>
    <ClInclude Include="LuaInjector.h">
      <Filter>Файлы заголовков</Filter>
    </ClInclude>
    <ClInclude Include="AnticheatBypass.h">
      <Filter>Файлы заголовков</Filter>
    </ClInclude>
    <ClInclude Include="Signatures.h">
      <Filter>Файлы заголовков</Filter>
    </ClInclude>
    <ClInclude Include="ScriptConfig.h">
      <Filter>Файлы заголовков</Filter>
    </ClInclude>
    <ClInclude Include="Registry.h">
      <Filter>Файлы заголовков</Filter>
    </ClInclude>
    <ClInclude Include="HWBP.h">
      <Filter>Файлы заголовков</Filter>
    </ClInclude>
    <ClInclude Include="XorCryptor.h">
      <Filter>Файлы заголовков</Filter>
    </ClInclude>
    <ClInclude Include="HWID.h">
      <Filter>Файлы заголовков</Filter>
    </ClInclude>
    <ClInclude Include="MD5.h">
      <Filter>Файлы заголовков</Filter>
    </ClInclude>
    <ClInclude Include="CShooting.h">
      <Filter>Файлы заголовков</Filter>
    </ClInclude>
    <ClInclude Include="CVector.h">
      <Filter>Файлы заголовков</Filter>
    </ClInclude>
    <ClInclude Include="WepTypes.h">
      <Filter>Файлы заголовков</Filter>
    </ClInclude>
    <ClInclude Include="sigscan.h">
      <Filter>Файлы заголовков</Filter>
    </ClInclude>
    <ClInclude Include="NetAPI\bitstream.h">
      <Filter>NetAPI</Filter>
    </ClInclude>
    <ClInclude Include="NetAPI\CNet.h">
      <Filter>NetAPI</Filter>
    </ClInclude>
    <ClInclude Include="NetAPI\CNetHTTPDownloadManagerInterface.h">
      <Filter>NetAPI</Filter>
    </ClInclude>
    <ClInclude Include="NetAPI\Common.h">
      <Filter>NetAPI</Filter>
    </ClInclude>
    <ClInclude Include="NetAPI\net_common.h">
      <Filter>NetAPI</Filter>
    </ClInclude>
    <ClInclude Include="NetAPI\packetenums.h">
      <Filter>NetAPI</Filter>
    </ClInclude>
    <ClInclude Include="NetAPI\Packets.h">
      <Filter>NetAPI</Filter>
    </ClInclude>
    <ClInclude Include="NetAPI\SyncStructures.h">
      <Filter>NetAPI</Filter>
    </ClInclude>
    <ClInclude Include="NetAPI\utils\SharedUtil.Defines.h">
      <Filter>NetAPI\utils</Filter>
    </ClInclude>
    <ClInclude Include="NetAPI\utils\SharedUtil.Game.h">
      <Filter>NetAPI\utils</Filter>
    </ClInclude>
    <ClInclude Include="NetAPI\utils\SharedUtil.Game.hpp">
      <Filter>NetAPI\utils</Filter>
    </ClInclude>
    <ClInclude Include="NetAPI\utils\SharedUtil.IntTypes.h">
      <Filter>NetAPI\utils</Filter>
    </ClInclude>
    <ClInclude Include="NetAPI\utils\SharedUtil.Map.h">
      <Filter>NetAPI\utils</Filter>
    </ClInclude>
    <ClInclude Include="NetAPI\utils\SharedUtil.Misc.h">
      <Filter>NetAPI\utils</Filter>
    </ClInclude>
    <ClInclude Include="NetAPI\utils\SharedUtil.Misc.hpp">
      <Filter>NetAPI\utils</Filter>
    </ClInclude>
    <ClInclude Include="NetAPI\utils\SString.h">
      <Filter>NetAPI\utils</Filter>
    </ClInclude>
    <ClInclude Include="NetAPI\utils\SString.hpp">
      <Filter>NetAPI\utils</Filter>
    </ClInclude>
    <ClInclude Include="NetAPI\utils\WString.h">
      <Filter>NetAPI\utils</Filter>
    </ClInclude>
    <ClInclude Include="NetAPI\utils\WString.hpp">
      <Filter>NetAPI\utils</Filter>
    </ClInclude>
    <ClInclude Include="CVector2D.h">
      <Filter>Файлы заголовков</Filter>
    </ClInclude>
    <ClInclude Include="IAT.h">
      <Filter>Файлы заголовков</Filter>
    </ClInclude>
  </ItemGroup>
</Project>